
Microsoft Visual Studio Solution File, Format Version 12.00
# Visual Studio Version 17
VisualStudioVersion = 17.12.35527.113 d17.12
MinimumVisualStudioVersion = 10.0.40219.1
Project("{FAE04EC0-301F-11D3-BF4B-00C04F79EFBC}") = "Authentication_Key_Custom_Attribute", "Authentication_Key_Custom_Attribute\Authentication_Key_Custom_Attribute.csproj", "{727194C9-D1E7-45CE-BBA0-1700BF3ECCBE}"
EndProject
Global
	GlobalSection(SolutionConfigurationPlatforms) = preSolution
		Debug|Any CPU = Debug|Any CPU
		Release|Any CPU = Release|Any CPU
	EndGlobalSection
	GlobalSection(ProjectConfigurationPlatforms) = postSolution
		{727194C9-D1E7-45CE-BBA0-1700BF3ECCBE}.Debug|Any CPU.ActiveCfg = Debug|Any CPU
		{727194C9-D1E7-45CE-BBA0-1700BF3ECCBE}.Debug|Any CPU.Build.0 = Debug|Any CPU
		{727194C9-D1E7-45CE-BBA0-1700BF3ECCBE}.Release|Any CPU.ActiveCfg = Release|Any CPU
		{727194C9-D1E7-45CE-BBA0-1700BF3ECCBE}.Release|Any CPU.Build.0 = Release|Any CPU
	EndGlobalSection
	GlobalSection(SolutionProperties) = preSolution
		HideSolutionNode = FALSE
	EndGlobalSection
EndGlobal
